// !$*UTF8*$!
{
	archiveVersion = 1;
	classes = {
	};
	objectVersion = 46;
	objects = {

/* Begin PBXBuildFile section */
		022580F01F3441F800450097 /* AppDelegate.swift in Sources */ = {isa = PBXBuildFile; fileRef = 022580EF1F3441F800450097 /* AppDelegate.swift */; };
		022580F21F3441F800450097 /* TableViewAndSearch.swift in Sources */ = {isa = PBXBuildFile; fileRef = 022580F11F3441F800450097 /* TableViewAndSearch.swift */; };
		022580F51F3441F800450097 /* Main.storyboard in Resources */ = {isa = PBXBuildFile; fileRef = 022580F31F3441F800450097 /* Main.storyboard */; };
		022580F71F3441F800450097 /* Assets.xcassets in Resources */ = {isa = PBXBuildFile; fileRef = 022580F61F3441F800450097 /* Assets.xcassets */; };
		022580FA1F3441F800450097 /* LaunchScreen.storyboard in Resources */ = {isa = PBXBuildFile; fileRef = 022580F81F3441F800450097 /* LaunchScreen.storyboard */; };
		022581021F344CFE00450097 /* DrawController.swift in Sources */ = {isa = PBXBuildFile; fileRef = 022581011F344CFE00450097 /* DrawController.swift */; };
		022581041F345F0900450097 /* UIControls.swift in Sources */ = {isa = PBXBuildFile; fileRef = 022581031F345F0900450097 /* UIControls.swift */; };
		F736D713BD1039DC52858D60 /* Pods_RXDemo.framework in Frameworks */ = {isa = PBXBuildFile; fileRef = FD21A8AEB7890BD046980488 /* Pods_RXDemo.framework */; };
/* End PBXBuildFile section */

/* Begin PBXFileReference section */
		022580EC1F3441F800450097 /* RXDemo.app */ = {isa = PBXFileReference; explicitFileType = wrapper.application; includeInIndex = 0; path = RXDemo.app; sourceTree = BUILT_PRODUCTS_DIR; };
		022580EF1F3441F800450097 /* AppDelegate.swift */ = {isa = PBXFileReference; lastKnownFileType = sourcecode.swift; path = AppDelegate.swift; sourceTree = "<group>"; };
		022580F11F3441F800450097 /* TableViewAndSearch.swift */ = {isa = PBXFileReference; lastKnownFileType = sourcecode.swift; path = TableViewAndSearch.swift; sourceTree = "<group>"; };
		022580F41F3441F800450097 /* Base */ = {isa = PBXFileReference; lastKnownFileType = file.storyboard; name = Base; path = Base.lproj/Main.storyboard; sourceTree = "<group>"; };
		022580F61F3441F800450097 /* Assets.xcassets */ = {isa = PBXFileReference; lastKnownFileType = folder.assetcatalog; path = Assets.xcassets; sourceTree = "<group>"; };
		022580F91F3441F800450097 /* Base */ = {isa = PBXFileReference; lastKnownFileType = file.storyboard; name = Base; path = Base.lproj/LaunchScreen.storyboard; sourceTree = "<group>"; };
		022580FB1F3441F800450097 /* Info.plist */ = {isa = PBXFileReference; lastKnownFileType = text.plist.xml; path = Info.plist; sourceTree = "<group>"; };
		022581011F344CFE00450097 /* DrawController.swift */ = {isa = PBXFileReference; fileEncoding = 4; lastKnownFileType = sourcecode.swift; path = DrawController.swift; sourceTree = "<group>"; };
		022581031F345F0900450097 /* UIControls.swift */ = {isa = PBXFileReference; fileEncoding = 4; lastKnownFileType = sourcecode.swift; path = UIControls.swift; sourceTree = "<group>"; };
		378033C1215981BD2CA590AE /* Pods-RXDemo.debug.xcconfig */ = {isa = PBXFileReference; includeInIndex = 1; lastKnownFileType = text.xcconfig; name = "Pods-RXDemo.debug.xcconfig"; path = "Pods/Target Support Files/Pods-RXDemo/Pods-RXDemo.debug.xcconfig"; sourceTree = "<group>"; };
		DE4954563EB601CA89F00411 /* Pods-RXDemo.release.xcconfig */ = {isa = PBXFileReference; includeInIndex = 1; lastKnownFileType = text.xcconfig; name = "Pods-RXDemo.release.xcconfig"; path = "Pods/Target Support Files/Pods-RXDemo/Pods-RXDemo.release.xcconfig"; sourceTree = "<group>"; };
		FD21A8AEB7890BD046980488 /* Pods_RXDemo.framework */ = {isa = PBXFileReference; explicitFileType = wrapper.framework; includeInIndex = 0; path = Pods_RXDemo.framework; sourceTree = BUILT_PRODUCTS_DIR; };
/* End PBXFileReference section */

/* Begin PBXFrameworksBuildPhase section */
		022580E91F3441F800450097 /* Frameworks */ = {
			isa = PBXFrameworksBuildPhase;
			buildActionMask = 2147483647;
			files = (
				F736D713BD1039DC52858D60 /* Pods_RXDemo.framework in Frameworks */,
			);
			runOnlyForDeploymentPostprocessing = 0;
		};
/* End PBXFrameworksBuildPhase section */

/* Begin PBXGroup section */
		022580E31F3441F800450097 = {
			isa = PBXGroup;
			children = (
				022580EE1F3441F800450097 /* RXDemo */,
				022580ED1F3441F800450097 /* Products */,
				2D92271D728C2635CD8465C8 /* Pods */,
				1313E5C8466A2F277BF852AB /* Frameworks */,
			);
			sourceTree = "<group>";
		};
		022580ED1F3441F800450097 /* Products */ = {
			isa = PBXGroup;
			children = (
				022580EC1F3441F800450097 /* RXDemo.app */,
			);
			name = Products;
			sourceTree = "<group>";
		};
		022580EE1F3441F800450097 /* RXDemo */ = {
			isa = PBXGroup;
			children = (
				022580EF1F3441F800450097 /* AppDelegate.swift */,
				022580F11F3441F800450097 /* TableViewAndSearch.swift */,
				022581011F344CFE00450097 /* DrawController.swift */,
				022581031F345F0900450097 /* UIControls.swift */,
				022580F31F3441F800450097 /* Main.storyboard */,
				022580F61F3441F800450097 /* Assets.xcassets */,
				022580F81F3441F800450097 /* LaunchScreen.storyboard */,
				022580FB1F3441F800450097 /* Info.plist */,
			);
			path = RXDemo;
			sourceTree = "<group>";
		};
		1313E5C8466A2F277BF852AB /* Frameworks */ = {
			isa = PBXGroup;
			children = (
				FD21A8AEB7890BD046980488 /* Pods_RXDemo.framework */,
			);
			name = Frameworks;
			sourceTree = "<group>";
		};
		2D92271D728C2635CD8465C8 /* Pods */ = {
			isa = PBXGroup;
			children = (
				378033C1215981BD2CA590AE /* Pods-RXDemo.debug.xcconfig */,
				DE4954563EB601CA89F00411 /* Pods-RXDemo.release.xcconfig */,
			);
			name = Pods;
			sourceTree = "<group>";
		};
/* End PBXGroup section */

/* Begin PBXNativeTarget section */
		022580EB1F3441F800450097 /* RXDemo */ = {
			isa = PBXNativeTarget;
			buildConfigurationList = 022580FE1F3441F800450097 /* Build configuration list for PBXNativeTarget "RXDemo" */;
			buildPhases = (
				31553E2C496067A11F4E3974 /* [CP] Check Pods Manifest.lock */,
				022580E81F3441F800450097 /* Sources */,
				022580E91F3441F800450097 /* Frameworks */,
				022580EA1F3441F800450097 /* Resources */,
				860078F257EF5F3DA14113B5 /* [CP] Embed Pods Frameworks */,
				FA6FD2BA026BC533938DC8DE /* [CP] Copy Pods Resources */,
			);
			buildRules = (
			);
			dependencies = (
			);
			name = RXDemo;
			productName = RXDemo;
			productReference = 022580EC1F3441F800450097 /* RXDemo.app */;
			productType = "com.apple.product-type.application";
		};
/* End PBXNativeTarget section */

/* Begin PBXProject section */
		022580E41F3441F800450097 /* Project object */ = {
			isa = PBXProject;
			attributes = {
				LastSwiftUpdateCheck = 0830;
				LastUpgradeCheck = 0830;
				ORGANIZATIONNAME = "Pulkit's Mac";
				TargetAttributes = {
					022580EB1F3441F800450097 = {
						CreatedOnToolsVersion = 8.3.1;
						ProvisioningStyle = Automatic;
					};
				};
			};
			buildConfigurationList = 022580E71F3441F800450097 /* Build configuration list for PBXProject "RXDemo" */;
			compatibilityVersion = "Xcode 3.2";
			developmentRegion = English;
			hasScannedForEncodings = 0;
			knownRegions = (
				en,
				Base,
			);
			mainGroup = 022580E31F3441F800450097;
			productRefGroup = 022580ED1F3441F800450097 /* Products */;
			projectDirPath = "";
			projectRoot = "";
			targets = (
				022580EB1F3441F800450097 /* RXDemo */,
			);
		};
/* End PBXProject section */

/* Begin PBXResourcesBuildPhase section */
		022580EA1F3441F800450097 /* Resources */ = {
			isa = PBXResourcesBuildPhase;
			buildActionMask = 2147483647;
			files = (
				022580FA1F3441F800450097 /* LaunchScreen.storyboard in Resources */,
				022580F71F3441F800450097 /* Assets.xcassets in Resources */,
				022580F51F3441F800450097 /* Main.storyboard in Resources */,
			);
			runOnlyForDeploymentPostprocessing = 0;
		};
/* End PBXResourcesBuildPhase section */

/* Begin PBXShellScriptBuildPhase section */
		31553E2C496067A11F4E3974 /* [CP] Check Pods Manifest.lock */ = {
			isa = PBXShellScriptBuildPhase;
			buildActionMask = 2147483647;
			files = (
			);
			inputPaths = (
			);
			name = "[CP] Check Pods Manifest.lock";
			outputPaths = (
			);
			runOnlyForDeploymentPostprocessing = 0;
			shellPath = /bin/sh;
			shellScript = "diff \"${PODS_PODFILE_DIR_PATH}/Podfile.lock\" \"${PODS_ROOT}/Manifest.lock\" > /dev/null\nif [ $? != 0 ] ; then\n    # print error to STDERR\n    echo \"error: The sandbox is not in sync with the Podfile.lock. Run 'pod install' or update your CocoaPods installation.\" >&2\n    exit 1\nfi\n";
			showEnvVarsInLog = 0;
		};
		860078F257EF5F3DA14113B5 /* [CP] Embed Pods Frameworks */ = {
			isa = PBXShellScriptBuildPhase;
			buildActionMask = 2147483647;
			files = (
			);
			inputPaths = (
			);
			name = "[CP] Embed Pods Frameworks";
			outputPaths = (
			);
			runOnlyForDeploymentPostprocessing = 0;
			shellPath = /bin/sh;
			shellScript = "\"${SRCROOT}/Pods/Target Support Files/Pods-RXDemo/Pods-RXDemo-frameworks.sh\"\n";
			showEnvVarsInLog = 0;
		};
		FA6FD2BA026BC533938DC8DE /* [CP] Copy Pods Resources */ = {
			isa = PBXShellScriptBuildPhase;
			buildActionMask = 2147483647;
			files = (
			);
			inputPaths = (
			);
			name = "[CP] Copy Pods Resources";
			outputPaths = (
			);
			runOnlyForDeploymentPostprocessing = 0;
			shellPath = /bin/sh;
			shellScript = "\"${SRCROOT}/Pods/Target Support Files/Pods-RXDemo/Pods-RXDemo-resources.sh\"\n";
			showEnvVarsInLog = 0;
		};
/* End PBXShellScriptBuildPhase section */

/* Begin PBXSourcesBuildPhase section */
		022580E81F3441F800450097 /* Sources */ = {
			isa = PBXSourcesBuildPhase;
			buildActionMask = 2147483647;
			files = (
				022581021F344CFE00450097 /* DrawController.swift in Sources */,
				022581041F345F0900450097 /* UIControls.swift in Sources */,
				022580F21F3441F800450097 /* TableViewAndSearch.swift in Sources */,
				022580F01F3441F800450097 /* AppDelegate.swift in Sources */,
			);
			runOnlyForDeploymentPostprocessing = 0;
		};
/* End PBXSourcesBuildPhase section */

/* Begin PBXVariantGroup section */
		022580F31F3441F800450097 /* Main.storyboard */ = {
			isa = PBXVariantGroup;
			children = (
				022580F41F3441F800450097 /* Base */,
			);
			name = Main.storyboard;
			sourceTree = "<group>";
		};
		022580F81F3441F800450097 /* LaunchScreen.storyboard */ = {
			isa = PBXVariantGroup;
			children = (
				022580F91F3441F800450097 /* Base */,
			);
			name = LaunchScreen.storyboard;
			sourceTree = "<group>";
		};
/* End PBXVariantGroup section */

/* Begin XCBuildConfiguration section */
		022580FC1F3441F800450097 /* Debug */ = {
			isa = XCBuildConfiguration;
			buildSettings = {
				ALWAYS_SEARCH_USER_PATHS = NO;
				CLANG_ANALYZER_NONNULL = YES;
				CLANG_ANALYZER_NUMBER_OBJECT_CONVERSION = YES_AGGRESSIVE;
				CLANG_CXX_LANGUAGE_STANDARD = "gnu++0x";
				CLANG_CXX_LIBRARY = "libc++";
				CLANG_ENABLE_MODULES = YES;
				CLANG_ENABLE_OBJC_ARC = YES;
				CLANG_WARN_BOOL_CONVERSION = YES;
				CLANG_WARN_CONSTANT_CONVERSION = YES;
				CLANG_WARN_DIRECT_OBJC_ISA_USAGE = YES_ERROR;
				CLANG_WARN_DOCUMENTATION_COMMENTS = YES;
				CLANG_WARN_EMPTY_BODY = YES;
				CLANG_WARN_ENUM_CONVERSION = YES;
				CLANG_WARN_INFINITE_RECURSION = YES;
				CLANG_WARN_INT_CONVERSION = YES;
				CLANG_WARN_OBJC_ROOT_CLASS = YES_ERROR;
				CLANG_WARN_SUSPICIOUS_MOVE = YES;
				CLANG_WARN_UNREACHABLE_CODE = YES;
				CLANG_WARN__DUPLICATE_METHOD_MATCH = YES;
				"CODE_SIGN_IDENTITY[sdk=iphoneos*]" = "iPhone Developer";
				COPY_PHASE_STRIP = NO;
				DEBUG_INFORMATION_FORMAT = dwarf;
				ENABLE_STRICT_OBJC_MSGSEND = YES;
				ENABLE_TESTABILITY = YES;
				GCC_C_LANGUAGE_STANDARD = gnu99;
				GCC_DYNAMIC_NO_PIC = NO;
				GCC_NO_COMMON_BLOCKS = YES;
				GCC_OPTIMIZATION_LEVEL = 0;
				GCC_PREPROCESSOR_DEFINITIONS = (
					"DEBUG=1",
					"$(inherited)",
				);
				GCC_WARN_64_TO_32_BIT_CONVERSION = YES;
				GCC_WARN_ABOUT_RETURN_TYPE = YES_ERROR;
				GCC_WARN_UNDECLARED_SELECTOR = YES;
				GCC_WARN_UNINITIALIZED_AUTOS = YES_AGGRESSIVE;
				GCC_WARN_UNUSED_FUNCTION = YES;
				GCC_WARN_UNUSED_VARIABLE = YES;
				IPHONEOS_DEPLOYMENT_TARGET = 10.3;
				MTL_ENABLE_DEBUG_INFO = YES;
				ONLY_ACTIVE_ARCH = YES;
				SDKROOT = iphoneos;
				SWIFT_ACTIVE_COMPILATION_CONDITIONS = DEBUG;
				SWIFT_OPTIMIZATION_LEVEL = "-Onone";
				TARGETED_DEVICE_FAMILY = "1,2";
			};
			name = Debug;
		};
		022580FD1F3441F800450097 /* Release */ = {
			isa = XCBuildConfiguration;
			buildSettings = {
				ALWAYS_SEARCH_USER_PATHS = NO;
				CLANG_ANALYZER_NONNULL = YES;
				CLANG_ANALYZER_NUMBER_OBJECT_CONVERSION = YES_AGGRESSIVE;
				CLANG_CXX_LANGUAGE_STANDARD = "gnu++0x";
				CLANG_CXX_LIBRARY = "libc++";
				CLANG_ENABLE_MODULES = YES;
				CLANG_ENABLE_OBJC_ARC = YES;
				CLANG_WARN_BOOL_CONVERSION = YES;
				CLANG_WARN_CONSTANT_CONVERSION = YES;
				CLANG_WARN_DIRECT_OBJC_ISA_USAGE = YES_ERROR;
				CLANG_WARN_DOCUMENTATION_COMMENTS = YES;
				CLANG_WARN_EMPTY_BODY = YES;
				CLANG_WARN_ENUM_CONVERSION = YES;
				CLANG_WARN_INFINITE_RECURSION = YES;
				CLANG_WARN_INT_CONVERSION = YES;
				CLANG_WARN_OBJC_ROOT_CLASS = YES_ERROR;
				CLANG_WARN_SUSPICIOUS_MOVE = YES;
				CLANG_WARN_UNREACHABLE_CODE = YES;
				CLANG_WARN__DUPLICATE_METHOD_MATCH = YES;
				"CODE_SIGN_IDENTITY[sdk=iphoneos*]" = "iPhone Developer";
				COPY_PHASE_STRIP = NO;
				DEBUG_INFORMATION_FORMAT = "dwarf-with-dsym";
				ENABLE_NS_ASSERTIONS = NO;
				ENABLE_STRICT_OBJC_MSGSEND = YES;
				GCC_C_LANGUAGE_STANDARD = gnu99;
				GCC_NO_COMMON_BLOCKS = YES;
				GCC_WARN_64_TO_32_BIT_CONVERSION = YES;
				GCC_WARN_ABOUT_RETURN_TYPE = YES_ERROR;
				GCC_WARN_UNDECLARED_SELECTOR = YES;
				GCC_WARN_UNINITIALIZED_AUTOS = YES_AGGRESSIVE;
				GCC_WARN_UNUSED_FUNCTION = YES;
				GCC_WARN_UNUSED_VARIABLE = YES;
				IPHONEOS_DEPLOYMENT_TARGET = 10.3;
				MTL_ENABLE_DEBUG_INFO = NO;
				SDKROOT = iphoneos;
				SWIFT_OPTIMIZATION_LEVEL = "-Owholemodule";
				TARGETED_DEVICE_FAMILY = "1,2";
				VALIDATE_PRODUCT = YES;
			};
			name = Release;
		};
		022580FF1F3441F800450097 /* Debug */ = {
			isa = XCBuildConfiguration;
			baseConfigurationReference = 378033C1215981BD2CA590AE /* Pods-RXDemo.debug.xcconfig */;
			buildSettings = {
				ASSETCATALOG_COMPILER_APPICON_NAME = AppIcon;
				INFOPLIST_FILE = RXDemo/Info.plist;
				LD_RUNPATH_SEARCH_PATHS = "$(inherited) @executable_path/Frameworks";
				PRODUCT_BUNDLE_IDENTIFIER = com.something.something.RXDemo;
				PRODUCT_NAME = "$(TARGET_NAME)";
				SWIFT_VERSION = 3.0;
			};
			name = Debug;
		};
		022581001F3441F800450097 /* Release */ = {
			isa = XCBuildConfiguration;
			baseConfigurationReference = DE4954563EB601CA89F00411 /* Pods-RXDemo.release.xcconfig */;
			buildSettings = {
				ASSETCATALOG_COMPILER_APPICON_NAME = AppIcon;
				INFOPLIST_FILE = RXDemo/Info.plist;
				LD_RUNPATH_SEARCH_PATHS = "$(inherited) @executable_path/Frameworks";
				PRODUCT_BUNDLE_IDENTIFIER = com.something.something.RXDemo;
				PRODUCT_NAME = "$(TARGET_NAME)";
				SWIFT_VERSION = 3.0;
			};
			name = Release;
		};
/* End XCBuildConfiguration section */

/* Begin XCConfigurationList section */
		022580E71F3441F800450097 /* Build configuration list for PBXProject "RXDemo" */ = {
			isa = XCConfigurationList;
			buildConfigurations = (
				022580FC1F3441F800450097 /* Debug */,
				022580FD1F3441F800450097 /* Release */,
			);
			defaultConfigurationIsVisible = 0;
			defaultConfigurationName = Release;
		};
		022580FE1F3441F800450097 /* Build configuration list for PBXNativeTarget "RXDemo" */ = {
			isa = XCConfigurationList;
			buildConfigurations = (
				022580FF1F3441F800450097 /* Debug */,
				022581001F3441F800450097 /* Release */,
			);
			defaultConfigurationIsVisible = 0;
			defaultConfigurationName = Release;
		};
/* End XCConfigurationList section */
	};
	rootObject = 022580E41F3441F800450097 /* Project object */;
}
